// !$*UTF8*$!
{
	archiveVersion = 1;
	classes = {
	};
	objectVersion = 55;
	objects = {

/* Begin PBXBuildFile section */
		443CE5BF289983950013F00D /* AppDelegate.swift in Sources */ = {isa = PBXBuildFile; fileRef = 443CE5BE289983950013F00D /* AppDelegate.swift */; };
		443CE5C3289983950013F00D /* Actions.sks in Resources */ = {isa = PBXBuildFile; fileRef = 443CE5C2289983950013F00D /* Actions.sks */; };
		443CE5C7289983950013F00D /* GameViewController.swift in Sources */ = {isa = PBXBuildFile; fileRef = 443CE5C6289983950013F00D /* GameViewController.swift */; };
		443CE5CA289983950013F00D /* Main.storyboard in Resources */ = {isa = PBXBuildFile; fileRef = 443CE5C8289983950013F00D /* Main.storyboard */; };
		443CE5CC289983960013F00D /* Assets.xcassets in Resources */ = {isa = PBXBuildFile; fileRef = 443CE5CB289983960013F00D /* Assets.xcassets */; };
		443CE5CF289983960013F00D /* LaunchScreen.storyboard in Resources */ = {isa = PBXBuildFile; fileRef = 443CE5CD289983960013F00D /* LaunchScreen.storyboard */; };
		44CB315B289C111E005B3FC2 /* Dead.mp3 in Resources */ = {isa = PBXBuildFile; fileRef = 44CB3158289C111E005B3FC2 /* Dead.mp3 */; };
		44CB315C289C111E005B3FC2 /* Score.mp3 in Resources */ = {isa = PBXBuildFile; fileRef = 44CB3159289C111E005B3FC2 /* Score.mp3 */; };
		44CB315D289C111E005B3FC2 /* Fly.mp3 in Resources */ = {isa = PBXBuildFile; fileRef = 44CB315A289C111E005B3FC2 /* Fly.mp3 */; };
		44CB3161289C1268005B3FC2 /* 04b_19.ttf in Resources */ = {isa = PBXBuildFile; fileRef = 44CB3160289C1268005B3FC2 /* 04b_19.ttf */; };
		44CB3165289C13F1005B3FC2 /* GameplayScene.sks in Resources */ = {isa = PBXBuildFile; fileRef = 44CB3164289C13F1005B3FC2 /* GameplayScene.sks */; };
		44CB3167289C14BA005B3FC2 /* GameplayScene.swift in Sources */ = {isa = PBXBuildFile; fileRef = 44CB3166289C14BA005B3FC2 /* GameplayScene.swift */; };
/* End PBXBuildFile section */

/* Begin PBXFileReference section */
		443CE5BB289983950013F00D /* FlappyBird.app */ = {isa = PBXFileReference; explicitFileType = wrapper.application; includeInIndex = 0; path = FlappyBird.app; sourceTree = BUILT_PRODUCTS_DIR; };
		443CE5BE289983950013F00D /* AppDelegate.swift */ = {isa = PBXFileReference; lastKnownFileType = sourcecode.swift; path = AppDelegate.swift; sourceTree = "<group>"; };
		443CE5C2289983950013F00D /* Actions.sks */ = {isa = PBXFileReference; lastKnownFileType = file.sks; path = Actions.sks; sourceTree = "<group>"; };
		443CE5C6289983950013F00D /* GameViewController.swift */ = {isa = PBXFileReference; lastKnownFileType = sourcecode.swift; path = GameViewController.swift; sourceTree = "<group>"; };
		443CE5C9289983950013F00D /* Base */ = {isa = PBXFileReference; lastKnownFileType = file.storyboard; name = Base; path = Base.lproj/Main.storyboard; sourceTree = "<group>"; };
		443CE5CB289983960013F00D /* Assets.xcassets */ = {isa = PBXFileReference; lastKnownFileType = folder.assetcatalog; path = Assets.xcassets; sourceTree = "<group>"; };
		443CE5CE289983960013F00D /* Base */ = {isa = PBXFileReference; lastKnownFileType = file.storyboard; name = Base; path = Base.lproj/LaunchScreen.storyboard; sourceTree = "<group>"; };
		44CB3158289C111E005B3FC2 /* Dead.mp3 */ = {isa = PBXFileReference; lastKnownFileType = audio.mp3; path = Dead.mp3; sourceTree = "<group>"; };
		44CB3159289C111E005B3FC2 /* Score.mp3 */ = {isa = PBXFileReference; lastKnownFileType = audio.mp3; path = Score.mp3; sourceTree = "<group>"; };
		44CB315A289C111E005B3FC2 /* Fly.mp3 */ = {isa = PBXFileReference; lastKnownFileType = audio.mp3; path = Fly.mp3; sourceTree = "<group>"; };
		44CB3160289C1268005B3FC2 /* 04b_19.ttf */ = {isa = PBXFileReference; lastKnownFileType = file; path = 04b_19.ttf; sourceTree = "<group>"; };
		44CB3164289C13F1005B3FC2 /* GameplayScene.sks */ = {isa = PBXFileReference; lastKnownFileType = file.sks; path = GameplayScene.sks; sourceTree = "<group>"; };
		44CB3166289C14BA005B3FC2 /* GameplayScene.swift */ = {isa = PBXFileReference; lastKnownFileType = sourcecode.swift; path = GameplayScene.swift; sourceTree = "<group>"; };
/* End PBXFileReference section */

/* Begin PBXFrameworksBuildPhase section */
		443CE5B8289983950013F00D /* Frameworks */ = {
			isa = PBXFrameworksBuildPhase;
			buildActionMask = 2147483647;
			files = (
			);
			runOnlyForDeploymentPostprocessing = 0;
		};
/* End PBXFrameworksBuildPhase section */

/* Begin PBXGroup section */
		443CE5B2289983940013F00D = {
			isa = PBXGroup;
			children = (
				443CE5BD289983950013F00D /* FlappyBird */,
				443CE5BC289983950013F00D /* Products */,
			);
			sourceTree = "<group>";
		};
		443CE5BC289983950013F00D /* Products */ = {
			isa = PBXGroup;
			children = (
				443CE5BB289983950013F00D /* FlappyBird.app */,
			);
			name = Products;
			sourceTree = "<group>";
		};
		443CE5BD289983950013F00D /* FlappyBird */ = {
			isa = PBXGroup;
			children = (
				443CE5BE289983950013F00D /* AppDelegate.swift */,
				443CE5C2289983950013F00D /* Actions.sks */,
				443CE5C6289983950013F00D /* GameViewController.swift */,
				443CE5C8289983950013F00D /* Main.storyboard */,
				443CE5CB289983960013F00D /* Assets.xcassets */,
				443CE5CD289983960013F00D /* LaunchScreen.storyboard */,
				44CB3163289C13DB005B3FC2 /* Class */,
				44CB3162289C13C9005B3FC2 /* Scene */,
				44CB3157289C1101005B3FC2 /* Resource */,
			);
			path = FlappyBird;
			sourceTree = "<group>";
		};
		44CB3157289C1101005B3FC2 /* Resource */ = {
			isa = PBXGroup;
			children = (
				44CB315F289C125C005B3FC2 /* Fonts */,
				44CB315E289C1253005B3FC2 /* Sound */,
			);
			path = Resource;
			sourceTree = "<group>";
		};
		44CB315E289C1253005B3FC2 /* Sound */ = {
			isa = PBXGroup;
			children = (
				44CB3158289C111E005B3FC2 /* Dead.mp3 */,
				44CB315A289C111E005B3FC2 /* Fly.mp3 */,
				44CB3159289C111E005B3FC2 /* Score.mp3 */,
			);
			path = Sound;
			sourceTree = "<group>";
		};
		44CB315F289C125C005B3FC2 /* Fonts */ = {
			isa = PBXGroup;
			children = (
				44CB3160289C1268005B3FC2 /* 04b_19.ttf */,
			);
			path = Fonts;
			sourceTree = "<group>";
		};
		44CB3162289C13C9005B3FC2 /* Scene */ = {
			isa = PBXGroup;
			children = (
				44CB3164289C13F1005B3FC2 /* GameplayScene.sks */,
			);
			path = Scene;
			sourceTree = "<group>";
		};
		44CB3163289C13DB005B3FC2 /* Class */ = {
			isa = PBXGroup;
			children = (
				44CB3166289C14BA005B3FC2 /* GameplayScene.swift */,
			);
			path = Class;
			sourceTree = "<group>";
		};
/* End PBXGroup section */

/* Begin PBXNativeTarget section */
		443CE5BA289983950013F00D /* FlappyBird */ = {
			isa = PBXNativeTarget;
			buildConfigurationList = 443CE5D2289983960013F00D /* Build configuration list for PBXNativeTarget "FlappyBird" */;
			buildPhases = (
				443CE5B7289983950013F00D /* Sources */,
				443CE5B8289983950013F00D /* Frameworks */,
				443CE5B9289983950013F00D /* Resources */,
			);
			buildRules = (
			);
			dependencies = (
			);
			name = FlappyBird;
			productName = FlappyBird;
			productReference = 443CE5BB289983950013F00D /* FlappyBird.app */;
			productType = "com.apple.product-type.application";
		};
/* End PBXNativeTarget section */

/* Begin PBXProject section */
		443CE5B3289983940013F00D /* Project object */ = {
			isa = PBXProject;
			attributes = {
				BuildIndependentTargetsInParallel = 1;
				LastSwiftUpdateCheck = 1340;
				LastUpgradeCheck = 1340;
				TargetAttributes = {
					443CE5BA289983950013F00D = {
						CreatedOnToolsVersion = 13.4.1;
					};
				};
			};
			buildConfigurationList = 443CE5B6289983940013F00D /* Build configuration list for PBXProject "FlappyBird" */;
			compatibilityVersion = "Xcode 13.0";
			developmentRegion = en;
			hasScannedForEncodings = 0;
			knownRegions = (
				en,
				Base,
			);
			mainGroup = 443CE5B2289983940013F00D;
			productRefGroup = 443CE5BC289983950013F00D /* Products */;
			projectDirPath = "";
			projectRoot = "";
			targets = (
				443CE5BA289983950013F00D /* FlappyBird */,
			);
		};
/* End PBXProject section */

/* Begin PBXResourcesBuildPhase section */
		443CE5B9289983950013F00D /* Resources */ = {
			isa = PBXResourcesBuildPhase;
			buildActionMask = 2147483647;
			files = (
				44CB3165289C13F1005B3FC2 /* GameplayScene.sks in Resources */,
				44CB3161289C1268005B3FC2 /* 04b_19.ttf in Resources */,
				44CB315D289C111E005B3FC2 /* Fly.mp3 in Resources */,
				44CB315B289C111E005B3FC2 /* Dead.mp3 in Resources */,
				443CE5CA289983950013F00D /* Main.storyboard in Resources */,
				443CE5CC289983960013F00D /* Assets.xcassets in Resources */,
				443CE5CF289983960013F00D /* LaunchScreen.storyboard in Resources */,
				443CE5C3289983950013F00D /* Actions.sks in Resources */,
				44CB315C289C111E005B3FC2 /* Score.mp3 in Resources */,
			);
			runOnlyForDeploymentPostprocessing = 0;
		};
/* End PBXResourcesBuildPhase section */

/* Begin PBXSourcesBuildPhase section */
		443CE5B7289983950013F00D /* Sources */ = {
			isa = PBXSourcesBuildPhase;
			buildActionMask = 2147483647;
			files = (
				44CB3167289C14BA005B3FC2 /* GameplayScene.swift in Sources */,
				443CE5C7289983950013F00D /* GameViewController.swift in Sources */,
				443CE5BF289983950013F00D /* AppDelegate.swift in Sources */,
			);
			runOnlyForDeploymentPostprocessing = 0;
		};
/* End PBXSourcesBuildPhase section */

/* Begin PBXVariantGroup section */
		443CE5C8289983950013F00D /* Main.storyboard */ = {
			isa = PBXVariantGroup;
			children = (
				443CE5C9289983950013F00D /* Base */,
			);
			name = Main.storyboard;
			sourceTree = "<group>";
		};
		443CE5CD289983960013F00D /* LaunchScreen.storyboard */ = {
			isa = PBXVariantGroup;
			children = (
				443CE5CE289983960013F00D /* Base */,
			);
			name = LaunchScreen.storyboard;
			sourceTree = "<group>";
		};
/* End PBXVariantGroup section */

/* Begin XCBuildConfiguration section */
		443CE5D0289983960013F00D /* Debug */ = {
			isa = XCBuildConfiguration;
			buildSettings = {
				ALWAYS_SEARCH_USER_PATHS = NO;
				CLANG_ANALYZER_NONNULL = YES;
				CLANG_ANALYZER_NUMBER_OBJECT_CONVERSION = YES_AGGRESSIVE;
				CLANG_CXX_LANGUAGE_STANDARD = "gnu++17";
				CLANG_ENABLE_MODULES = YES;
				CLANG_ENABLE_OBJC_ARC = YES;
				CLANG_ENABLE_OBJC_WEAK = YES;
				CLANG_WARN_BLOCK_CAPTURE_AUTORELEASING = YES;
				CLANG_WARN_BOOL_CONVERSION = YES;
				CLANG_WARN_COMMA = YES;
				CLANG_WARN_CONSTANT_CONVERSION = YES;
				CLANG_WARN_DEPRECATED_OBJC_IMPLEMENTATIONS = YES;
				CLANG_WARN_DIRECT_OBJC_ISA_USAGE = YES_ERROR;
				CLANG_WARN_DOCUMENTATION_COMMENTS = YES;
				CLANG_WARN_EMPTY_BODY = YES;
				CLANG_WARN_ENUM_CONVERSION = YES;
				CLANG_WARN_INFINITE_RECURSION = YES;
				CLANG_WARN_INT_CONVERSION = YES;
				CLANG_WARN_NON_LITERAL_NULL_CONVERSION = YES;
				CLANG_WARN_OBJC_IMPLICIT_RETAIN_SELF = YES;
				CLANG_WARN_OBJC_LITERAL_CONVERSION = YES;
				CLANG_WARN_OBJC_ROOT_CLASS = YES_ERROR;
				CLANG_WARN_QUOTED_INCLUDE_IN_FRAMEWORK_HEADER = YES;
				CLANG_WARN_RANGE_LOOP_ANALYSIS = YES;
				CLANG_WARN_STRICT_PROTOTYPES = YES;
				CLANG_WARN_SUSPICIOUS_MOVE = YES;
				CLANG_WARN_UNGUARDED_AVAILABILITY = YES_AGGRESSIVE;
				CLANG_WARN_UNREACHABLE_CODE = YES;
				CLANG_WARN__DUPLICATE_METHOD_MATCH = YES;
				COPY_PHASE_STRIP = NO;
				DEBUG_INFORMATION_FORMAT = dwarf;
				ENABLE_STRICT_OBJC_MSGSEND = YES;
				ENABLE_TESTABILITY = YES;
				GCC_C_LANGUAGE_STANDARD = gnu11;
				GCC_DYNAMIC_NO_PIC = NO;
				GCC_NO_COMMON_BLOCKS = YES;
				GCC_OPTIMIZATION_LEVEL = 0;
				GCC_PREPROCESSOR_DEFINITIONS = (
					"DEBUG=1",
					"$(inherited)",
				);
				GCC_WARN_64_TO_32_BIT_CONVERSION = YES;
				GCC_WARN_ABOUT_RETURN_TYPE = YES_ERROR;
				GCC_WARN_UNDECLARED_SELECTOR = YES;
				GCC_WARN_UNINITIALIZED_AUTOS = YES_AGGRESSIVE;
				GCC_WARN_UNUSED_FUNCTION = YES;
				GCC_WARN_UNUSED_VARIABLE = YES;
				IPHONEOS_DEPLOYMENT_TARGET = 15.5;
				MTL_ENABLE_DEBUG_INFO = INCLUDE_SOURCE;
				MTL_FAST_MATH = YES;
				ONLY_ACTIVE_ARCH = YES;
				SDKROOT = iphoneos;
				SWIFT_ACTIVE_COMPILATION_CONDITIONS = DEBUG;
				SWIFT_OPTIMIZATION_LEVEL = "-Onone";
			};
			name = Debug;
		};
		443CE5D1289983960013F00D /* Release */ = {
			isa = XCBuildConfiguration;
			buildSettings = {
				ALWAYS_SEARCH_USER_PATHS = NO;
				CLANG_ANALYZER_NONNULL = YES;
				CLANG_ANALYZER_NUMBER_OBJECT_CONVERSION = YES_AGGRESSIVE;
				CLANG_CXX_LANGUAGE_STANDARD = "gnu++17";
				CLANG_ENABLE_MODULES = YES;
				CLANG_ENABLE_OBJC_ARC = YES;
				CLANG_ENABLE_OBJC_WEAK = YES;
				CLANG_WARN_BLOCK_CAPTURE_AUTORELEASING = YES;
				CLANG_WARN_BOOL_CONVERSION = YES;
				CLANG_WARN_COMMA = YES;
				CLANG_WARN_CONSTANT_CONVERSION = YES;
				CLANG_WARN_DEPRECATED_OBJC_IMPLEMENTATIONS = YES;
				CLANG_WARN_DIRECT_OBJC_ISA_USAGE = YES_ERROR;
				CLANG_WARN_DOCUMENTATION_COMMENTS = YES;
				CLANG_WARN_EMPTY_BODY = YES;
				CLANG_WARN_ENUM_CONVERSION = YES;
				CLANG_WARN_INFINITE_RECURSION = YES;
				CLANG_WARN_INT_CONVERSION = YES;
				CLANG_WARN_NON_LITERAL_NULL_CONVERSION = YES;
				CLANG_WARN_OBJC_IMPLICIT_RETAIN_SELF = YES;
				CLANG_WARN_OBJC_LITERAL_CONVERSION = YES;
				CLANG_WARN_OBJC_ROOT_CLASS = YES_ERROR;
				CLANG_WARN_QUOTED_INCLUDE_IN_FRAMEWORK_HEADER = YES;
				CLANG_WARN_RANGE_LOOP_ANALYSIS = YES;
				CLANG_WARN_STRICT_PROTOTYPES = YES;
				CLANG_WARN_SUSPICIOUS_MOVE = YES;
				CLANG_WARN_UNGUARDED_AVAILABILITY = YES_AGGRESSIVE;
				CLANG_WARN_UNREACHABLE_CODE = YES;
				CLANG_WARN__DUPLICATE_METHOD_MATCH = YES;
				COPY_PHASE_STRIP = NO;
				DEBUG_INFORMATION_FORMAT = "dwarf-with-dsym";
				ENABLE_NS_ASSERTIONS = NO;
				ENABLE_STRICT_OBJC_MSGSEND = YES;
				GCC_C_LANGUAGE_STANDARD = gnu11;
				GCC_NO_COMMON_BLOCKS = YES;
				GCC_WARN_64_TO_32_BIT_CONVERSION = YES;
				GCC_WARN_ABOUT_RETURN_TYPE = YES_ERROR;
				GCC_WARN_UNDECLARED_SELECTOR = YES;
				GCC_WARN_UNINITIALIZED_AUTOS = YES_AGGRESSIVE;
				GCC_WARN_UNUSED_FUNCTION = YES;
				GCC_WARN_UNUSED_VARIABLE = YES;
				IPHONEOS_DEPLOYMENT_TARGET = 15.5;
				MTL_ENABLE_DEBUG_INFO = NO;
				MTL_FAST_MATH = YES;
				SDKROOT = iphoneos;
				SWIFT_COMPILATION_MODE = wholemodule;
				SWIFT_OPTIMIZATION_LEVEL = "-O";
				VALIDATE_PRODUCT = YES;
			};
			name = Release;
		};
		443CE5D3289983960013F00D /* Debug */ = {
			isa = XCBuildConfiguration;
			buildSettings = {
				ASSETCATALOG_COMPILER_APPICON_NAME = AppIcon;
				ASSETCATALOG_COMPILER_GLOBAL_ACCENT_COLOR_NAME = AccentColor;
				CODE_SIGN_STYLE = Automatic;
				CURRENT_PROJECT_VERSION = 1;
				DEVELOPMENT_TEAM = XVB2JZ6L9X;
				GENERATE_INFOPLIST_FILE = YES;
				INFOPLIST_KEY_UIApplicationSupportsIndirectInputEvents = YES;
				INFOPLIST_KEY_UILaunchStoryboardName = LaunchScreen;
				INFOPLIST_KEY_UIMainStoryboardFile = Main;
				INFOPLIST_KEY_UIStatusBarHidden = YES;
				INFOPLIST_KEY_UISupportedInterfaceOrientations_iPad = "UIInterfaceOrientationPortrait UIInterfaceOrientationPortraitUpsideDown UIInterfaceOrientationLandscapeLeft UIInterfaceOrientationLandscapeRight";
				INFOPLIST_KEY_UISupportedInterfaceOrientations_iPhone = "UIInterfaceOrientationPortrait UIInterfaceOrientationLandscapeLeft UIInterfaceOrientationLandscapeRight";
				LD_RUNPATH_SEARCH_PATHS = (
					"$(inherited)",
					"@executable_path/Frameworks",
				);
				MARKETING_VERSION = 1.0;
				PRODUCT_BUNDLE_IDENTIFIER = com.TerryLee.FlappyBird;
				PRODUCT_NAME = "$(TARGET_NAME)";
				SWIFT_EMIT_LOC_STRINGS = YES;
				SWIFT_VERSION = 5.0;
				TARGETED_DEVICE_FAMILY = "1,2";
			};
			name = Debug;
		};
		443CE5D4289983960013F00D /* Release */ = {
			isa = XCBuildConfiguration;
			buildSettings = {
				ASSETCATALOG_COMPILER_APPICON_NAME = AppIcon;
				ASSETCATALOG_COMPILER_GLOBAL_ACCENT_COLOR_NAME = AccentColor;
				CODE_SIGN_STYLE = Automatic;
				CURRENT_PROJECT_VERSION = 1;
				DEVELOPMENT_TEAM = XVB2JZ6L9X;
				GENERATE_INFOPLIST_FILE = YES;
				INFOPLIST_KEY_UIApplicationSupportsIndirectInputEvents = YES;
				INFOPLIST_KEY_UILaunchStoryboardName = LaunchScreen;
				INFOPLIST_KEY_UIMainStoryboardFile = Main;
				INFOPLIST_KEY_UIStatusBarHidden = YES;
				INFOPLIST_KEY_UISupportedInterfaceOrientations_iPad = "UIInterfaceOrientationPortrait UIInterfaceOrientationPortraitUpsideDown UIInterfaceOrientationLandscapeLeft UIInterfaceOrientationLandscapeRight";
				INFOPLIST_KEY_UISupportedInterfaceOrientations_iPhone = "UIInterfaceOrientationPortrait UIInterfaceOrientationLandscapeLeft UIInterfaceOrientationLandscapeRight";
				LD_RUNPATH_SEARCH_PATHS = (
					"$(inherited)",
					"@executable_path/Frameworks",
				);
				MARKETING_VERSION = 1.0;
				PRODUCT_BUNDLE_IDENTIFIER = com.TerryLee.FlappyBird;
				PRODUCT_NAME = "$(TARGET_NAME)";
				SWIFT_EMIT_LOC_STRINGS = YES;
				SWIFT_VERSION = 5.0;
				TARGETED_DEVICE_FAMILY = "1,2";
			};
			name = Release;
		};
/* End XCBuildConfiguration section */

/* Begin XCConfigurationList section */
		443CE5B6289983940013F00D /* Build configuration list for PBXProject "FlappyBird" */ = {
			isa = XCConfigurationList;
			buildConfigurations = (
				443CE5D0289983960013F00D /* Debug */,
				443CE5D1289983960013F00D /* Release */,
			);
			defaultConfigurationIsVisible = 0;
			defaultConfigurationName = Release;
		};
		443CE5D2289983960013F00D /* Build configuration list for PBXNativeTarget "FlappyBird" */ = {
			isa = XCConfigurationList;
			buildConfigurations = (
				443CE5D3289983960013F00D /* Debug */,
				443CE5D4289983960013F00D /* Release */,
			);
			defaultConfigurationIsVisible = 0;
			defaultConfigurationName = Release;
		};
/* End XCConfigurationList section */
	};
	rootObject = 443CE5B3289983940013F00D /* Project object */;
}
